
Microsoft Visual Studio Solution File, Format Version 12.00
# Visual Studio Version 16
VisualStudioVersion = 16.0.31129.286
MinimumVisualStudioVersion = 10.0.40219.1
Project("{FAE04EC0-301F-11D3-BF4B-00C04F79EFBC}") = "dnd CA 1.2", "dnd CA 1.2.csproj", "{D8DB037A-2C91-40F0-940B-F3BE7C3F95EB}"
EndProject
Global
	GlobalSection(SolutionConfigurationPlatforms) = preSolution
		Debug|Any CPU = Debug|Any CPU
		Release|Any CPU = Release|Any CPU
	EndGlobalSection
	GlobalSection(ProjectConfigurationPlatforms) = postSolution
		{D8DB037A-2C91-40F0-940B-F3BE7C3F95EB}.Debug|Any CPU.ActiveCfg = Debug|Any CPU
		{D8DB037A-2C91-40F0-940B-F3BE7C3F95EB}.Debug|Any CPU.Build.0 = Debug|Any CPU
		{D8DB037A-2C91-40F0-940B-F3BE7C3F95EB}.Release|Any CPU.ActiveCfg = Release|Any CPU
		{D8DB037A-2C91-40F0-940B-F3BE7C3F95EB}.Release|Any CPU.Build.0 = Release|Any CPU
	EndGlobalSection
	GlobalSection(SolutionProperties) = preSolution
		HideSolutionNode = FALSE
	EndGlobalSection
	GlobalSection(ExtensibilityGlobals) = postSolution
		SolutionGuid = {782E7CCB-3760-45B1-AB05-B79DD18B14F3}
	EndGlobalSection
EndGlobal
